// !$*UTF8*$!
{
	archiveVersion = 1;
	classes = {
	};
	objectVersion = 46;
	objects = {

/* Begin PBXBuildFile section */
		0091D8F90E81B9330029341E /* OpenGL.framework in Frameworks */ = {isa = PBXBuildFile; fileRef = 0091D8F80E81B9330029341E /* OpenGL.framework */; };
		00B784B30FF439BC000DE1D7 /* Accelerate.framework in Frameworks */ = {isa = PBXBuildFile; fileRef = 00B784AF0FF439BC000DE1D7 /* Accelerate.framework */; };
		00B784B40FF439BC000DE1D7 /* AudioToolbox.framework in Frameworks */ = {isa = PBXBuildFile; fileRef = 00B784B00FF439BC000DE1D7 /* AudioToolbox.framework */; };
		00B784B50FF439BC000DE1D7 /* AudioUnit.framework in Frameworks */ = {isa = PBXBuildFile; fileRef = 00B784B10FF439BC000DE1D7 /* AudioUnit.framework */; };
		00B784B60FF439BC000DE1D7 /* CoreAudio.framework in Frameworks */ = {isa = PBXBuildFile; fileRef = 00B784B20FF439BC000DE1D7 /* CoreAudio.framework */; };
		257B1BC2B6654E96A8FDF31D /* IOSurface.framework in Frameworks */ = {isa = PBXBuildFile; fileRef = 15E6A289233241509D0D968A /* IOSurface.framework */; };
		5323E6B20EAFCA74003A9687 /* CoreVideo.framework in Frameworks */ = {isa = PBXBuildFile; fileRef = 5323E6B10EAFCA74003A9687 /* CoreVideo.framework */; };
		5323E6B60EAFCA7E003A9687 /* QTKit.framework in Frameworks */ = {isa = PBXBuildFile; fileRef = 5323E6B50EAFCA7E003A9687 /* QTKit.framework */; };
		8D11072F0486CEB800E47090 /* Cocoa.framework in Frameworks */ = {isa = PBXBuildFile; fileRef = 1058C7A1FEA54F0111CA2CBB /* Cocoa.framework */; };
		8FB9B552736B41A7AF5A2486 /* oculusBaseAppApp.cpp in Sources */ = {isa = PBXBuildFile; fileRef = 5FCFC6EA912D49B9AB5232E5 /* oculusBaseAppApp.cpp */; };
		9D26144F5785426D88CD6ABE /* IOKit.framework in Frameworks */ = {isa = PBXBuildFile; fileRef = A35DA7CDEF674B95AD3A8C9D /* IOKit.framework */; };
		A9CFE2B71A29A5890004AE33 /* AVFoundation.framework in Frameworks */ = {isa = PBXBuildFile; fileRef = A9CFE2B61A29A5890004AE33 /* AVFoundation.framework */; };
		A9CFE2B91A29A58F0004AE33 /* CoreMedia.framework in Frameworks */ = {isa = PBXBuildFile; fileRef = A9CFE2B81A29A58F0004AE33 /* CoreMedia.framework */; };
		A9DEE7D71A2A90A3007EBB31 /* assets in Resources */ = {isa = PBXBuildFile; fileRef = A9DEE7D61A2A90A3007EBB31 /* assets */; };
		A9DEE9881A2ACD7D007EBB31 /* libovr.a in Frameworks */ = {isa = PBXBuildFile; fileRef = A9DEE89F1A2ACD7D007EBB31 /* libovr.a */; };
		A9DEE9891A2ACD7D007EBB31 /* libovr.a in Frameworks */ = {isa = PBXBuildFile; fileRef = A9DEE8A11A2ACD7D007EBB31 /* libovr.a */; };
		A9DEE98A1A2ACD7D007EBB31 /* OVR_Alg.cpp in Sources */ = {isa = PBXBuildFile; fileRef = A9DEE8A41A2ACD7D007EBB31 /* OVR_Alg.cpp */; };
		A9DEE98B1A2ACD7D007EBB31 /* OVR_Allocator.cpp in Sources */ = {isa = PBXBuildFile; fileRef = A9DEE8A61A2ACD7D007EBB31 /* OVR_Allocator.cpp */; };
		A9DEE98C1A2ACD7D007EBB31 /* OVR_Atomic.cpp in Sources */ = {isa = PBXBuildFile; fileRef = A9DEE8A91A2ACD7D007EBB31 /* OVR_Atomic.cpp */; };
		A9DEE98D1A2ACD7D007EBB31 /* OVR_File.cpp in Sources */ = {isa = PBXBuildFile; fileRef = A9DEE8AD1A2ACD7D007EBB31 /* OVR_File.cpp */; };
		A9DEE98E1A2ACD7D007EBB31 /* OVR_FileFILE.cpp in Sources */ = {isa = PBXBuildFile; fileRef = A9DEE8AF1A2ACD7D007EBB31 /* OVR_FileFILE.cpp */; };
		A9DEE98F1A2ACD7D007EBB31 /* OVR_Log.cpp in Sources */ = {isa = PBXBuildFile; fileRef = A9DEE8B31A2ACD7D007EBB31 /* OVR_Log.cpp */; };
		A9DEE9901A2ACD7D007EBB31 /* OVR_Math.cpp in Sources */ = {isa = PBXBuildFile; fileRef = A9DEE8B51A2ACD7D007EBB31 /* OVR_Math.cpp */; };
		A9DEE9911A2ACD7D007EBB31 /* OVR_RefCount.cpp in Sources */ = {isa = PBXBuildFile; fileRef = A9DEE8B71A2ACD7D007EBB31 /* OVR_RefCount.cpp */; };
		A9DEE9921A2ACD7D007EBB31 /* OVR_Std.cpp in Sources */ = {isa = PBXBuildFile; fileRef = A9DEE8B91A2ACD7D007EBB31 /* OVR_Std.cpp */; };
		A9DEE9931A2ACD7D007EBB31 /* OVR_String.cpp in Sources */ = {isa = PBXBuildFile; fileRef = A9DEE8BB1A2ACD7D007EBB31 /* OVR_String.cpp */; };
		A9DEE9941A2ACD7D007EBB31 /* OVR_String_FormatUtil.cpp in Sources */ = {isa = PBXBuildFile; fileRef = A9DEE8BD1A2ACD7D007EBB31 /* OVR_String_FormatUtil.cpp */; };
		A9DEE9951A2ACD7D007EBB31 /* OVR_String_PathUtil.cpp in Sources */ = {isa = PBXBuildFile; fileRef = A9DEE8BE1A2ACD7D007EBB31 /* OVR_String_PathUtil.cpp */; };
		A9DEE9961A2ACD7D007EBB31 /* OVR_SysFile.cpp in Sources */ = {isa = PBXBuildFile; fileRef = A9DEE8C01A2ACD7D007EBB31 /* OVR_SysFile.cpp */; };
		A9DEE9971A2ACD7D007EBB31 /* OVR_System.cpp in Sources */ = {isa = PBXBuildFile; fileRef = A9DEE8C21A2ACD7D007EBB31 /* OVR_System.cpp */; };
		A9DEE9981A2ACD7D007EBB31 /* OVR_ThreadsPthread.cpp in Sources */ = {isa = PBXBuildFile; fileRef = A9DEE8C51A2ACD7D007EBB31 /* OVR_ThreadsPthread.cpp */; };
		A9DEE99A1A2ACD7D007EBB31 /* OVR_Timer.cpp in Sources */ = {isa = PBXBuildFile; fileRef = A9DEE8C71A2ACD7D007EBB31 /* OVR_Timer.cpp */; };
		A9DEE99B1A2ACD7D007EBB31 /* OVR_UTF8Util.cpp in Sources */ = {isa = PBXBuildFile; fileRef = A9DEE8CA1A2ACD7D007EBB31 /* OVR_UTF8Util.cpp */; };
		A9DEE99C1A2ACD7D007EBB31 /* OVR_DeviceHandle.cpp in Sources */ = {isa = PBXBuildFile; fileRef = A9DEE8CE1A2ACD7D007EBB31 /* OVR_DeviceHandle.cpp */; };
		A9DEE99D1A2ACD7D007EBB31 /* OVR_DeviceImpl.cpp in Sources */ = {isa = PBXBuildFile; fileRef = A9DEE8D01A2ACD7D007EBB31 /* OVR_DeviceImpl.cpp */; };
		A9DEE99E1A2ACD7D007EBB31 /* OVR_JSON.cpp in Sources */ = {isa = PBXBuildFile; fileRef = A9DEE8D61A2ACD7D007EBB31 /* OVR_JSON.cpp */; };
		A9DEE99F1A2ACD7D007EBB31 /* OVR_LatencyTestImpl.cpp in Sources */ = {isa = PBXBuildFile; fileRef = A9DEE8D81A2ACD7D007EBB31 /* OVR_LatencyTestImpl.cpp */; };
		A9DEE9A01A2ACD7D007EBB31 /* OVR_OSX_DeviceManager.cpp in Sources */ = {isa = PBXBuildFile; fileRef = A9DEE8DA1A2ACD7D007EBB31 /* OVR_OSX_DeviceManager.cpp */; };
		A9DEE9A11A2ACD7D007EBB31 /* OVR_OSX_HIDDevice.cpp in Sources */ = {isa = PBXBuildFile; fileRef = A9DEE8DC1A2ACD7D007EBB31 /* OVR_OSX_HIDDevice.cpp */; };
		A9DEE9A21A2ACD7D007EBB31 /* OVR_OSX_HMDDevice.cpp in Sources */ = {isa = PBXBuildFile; fileRef = A9DEE8DE1A2ACD7D007EBB31 /* OVR_OSX_HMDDevice.cpp */; };
		A9DEE9A31A2ACD7D007EBB31 /* OVR_OSX_SensorDevice.cpp in Sources */ = {isa = PBXBuildFile; fileRef = A9DEE8E01A2ACD7D007EBB31 /* OVR_OSX_SensorDevice.cpp */; };
		A9DEE9A41A2ACD7D007EBB31 /* OVR_Profile.cpp in Sources */ = {isa = PBXBuildFile; fileRef = A9DEE8E11A2ACD7D007EBB31 /* OVR_Profile.cpp */; };
		A9DEE9A51A2ACD7D007EBB31 /* OVR_SensorFilter.cpp in Sources */ = {isa = PBXBuildFile; fileRef = A9DEE8E31A2ACD7D007EBB31 /* OVR_SensorFilter.cpp */; };
		A9DEE9A61A2ACD7D007EBB31 /* OVR_SensorFusion.cpp in Sources */ = {isa = PBXBuildFile; fileRef = A9DEE8E51A2ACD7D007EBB31 /* OVR_SensorFusion.cpp */; };
		A9DEE9A71A2ACD7D007EBB31 /* OVR_SensorImpl.cpp in Sources */ = {isa = PBXBuildFile; fileRef = A9DEE8E71A2ACD7D007EBB31 /* OVR_SensorImpl.cpp */; };
		A9DEE9A81A2ACD7D007EBB31 /* OVR_ThreadCommandQueue.cpp in Sources */ = {isa = PBXBuildFile; fileRef = A9DEE8E91A2ACD7D007EBB31 /* OVR_ThreadCommandQueue.cpp */; };
		A9DEE9A91A2ACD7D007EBB31 /* Util_LatencyTest.cpp in Sources */ = {isa = PBXBuildFile; fileRef = A9DEE8EC1A2ACD7D007EBB31 /* Util_LatencyTest.cpp */; };
		A9DEE9AA1A2ACD7D007EBB31 /* Util_MagCalibration.cpp in Sources */ = {isa = PBXBuildFile; fileRef = A9DEE8EE1A2ACD7D007EBB31 /* Util_MagCalibration.cpp */; };
		A9DEE9AB1A2ACD7D007EBB31 /* Util_Render_Stereo.cpp in Sources */ = {isa = PBXBuildFile; fileRef = A9DEE8F01A2ACD7D007EBB31 /* Util_Render_Stereo.cpp */; };
		A9DEEA261A2ACD7D007EBB31 /* CameraStereoHMD.cpp in Sources */ = {isa = PBXBuildFile; fileRef = A9DEE9821A2ACD7D007EBB31 /* CameraStereoHMD.cpp */; };
		A9DEEA271A2ACD7D007EBB31 /* OculusVR.cpp in Sources */ = {isa = PBXBuildFile; fileRef = A9DEE9841A2ACD7D007EBB31 /* OculusVR.cpp */; };
		F19E17885F424EDD911DEFE6 /* CinderApp.icns in Resources */ = {isa = PBXBuildFile; fileRef = DFD8F438E5BD4BAA88BF8A27 /* CinderApp.icns */; };
/* End PBXBuildFile section */

/* Begin PBXFileReference section */
		0091D8F80E81B9330029341E /* OpenGL.framework */ = {isa = PBXFileReference; lastKnownFileType = wrapper.framework; name = OpenGL.framework; path = /System/Library/Frameworks/OpenGL.framework; sourceTree = "<absolute>"; };
		00B784AF0FF439BC000DE1D7 /* Accelerate.framework */ = {isa = PBXFileReference; lastKnownFileType = wrapper.framework; name = Accelerate.framework; path = System/Library/Frameworks/Accelerate.framework; sourceTree = SDKROOT; };
		00B784B00FF439BC000DE1D7 /* AudioToolbox.framework */ = {isa = PBXFileReference; lastKnownFileType = wrapper.framework; name = AudioToolbox.framework; path = System/Library/Frameworks/AudioToolbox.framework; sourceTree = SDKROOT; };
		00B784B10FF439BC000DE1D7 /* AudioUnit.framework */ = {isa = PBXFileReference; lastKnownFileType = wrapper.framework; name = AudioUnit.framework; path = System/Library/Frameworks/AudioUnit.framework; sourceTree = SDKROOT; };
		00B784B20FF439BC000DE1D7 /* CoreAudio.framework */ = {isa = PBXFileReference; lastKnownFileType = wrapper.framework; name = CoreAudio.framework; path = System/Library/Frameworks/CoreAudio.framework; sourceTree = SDKROOT; };
		1058C7A1FEA54F0111CA2CBB /* Cocoa.framework */ = {isa = PBXFileReference; lastKnownFileType = wrapper.framework; name = Cocoa.framework; path = /System/Library/Frameworks/Cocoa.framework; sourceTree = "<absolute>"; };
		15E6A289233241509D0D968A /* IOSurface.framework */ = {isa = PBXFileReference; lastKnownFileType = wrapper.framework; name = IOSurface.framework; path = System/Library/Frameworks/IOSurface.framework; sourceTree = SDKROOT; };
		29B97324FDCFA39411CA2CEA /* AppKit.framework */ = {isa = PBXFileReference; lastKnownFileType = wrapper.framework; name = AppKit.framework; path = /System/Library/Frameworks/AppKit.framework; sourceTree = "<absolute>"; };
		29B97325FDCFA39411CA2CEA /* Foundation.framework */ = {isa = PBXFileReference; lastKnownFileType = wrapper.framework; name = Foundation.framework; path = /System/Library/Frameworks/Foundation.framework; sourceTree = "<absolute>"; };
		5323E6B10EAFCA74003A9687 /* CoreVideo.framework */ = {isa = PBXFileReference; lastKnownFileType = wrapper.framework; name = CoreVideo.framework; path = /System/Library/Frameworks/CoreVideo.framework; sourceTree = "<absolute>"; };
		5323E6B50EAFCA7E003A9687 /* QTKit.framework */ = {isa = PBXFileReference; lastKnownFileType = wrapper.framework; name = QTKit.framework; path = /System/Library/Frameworks/QTKit.framework; sourceTree = "<absolute>"; };
		5FCFC6EA912D49B9AB5232E5 /* oculusBaseAppApp.cpp */ = {isa = PBXFileReference; lastKnownFileType = sourcecode.c.cpp; name = oculusBaseAppApp.cpp; path = ../src/oculusBaseAppApp.cpp; sourceTree = "<group>"; };
		6AE447B8E5BA42A1A97005D1 /* Resources.h */ = {isa = PBXFileReference; lastKnownFileType = sourcecode.c.h; name = Resources.h; path = ../include/Resources.h; sourceTree = "<group>"; };
		7132707E4D9240D2A0B22FC3 /* Info.plist */ = {isa = PBXFileReference; lastKnownFileType = text.plist.xml; path = Info.plist; sourceTree = "<group>"; };
		8D1107320486CEB800E47090 /* oculusBaseApp.app */ = {isa = PBXFileReference; explicitFileType = wrapper.application; includeInIndex = 0; path = oculusBaseApp.app; sourceTree = BUILT_PRODUCTS_DIR; };
		A35DA7CDEF674B95AD3A8C9D /* IOKit.framework */ = {isa = PBXFileReference; lastKnownFileType = wrapper.framework; name = IOKit.framework; path = System/Library/Frameworks/IOKit.framework; sourceTree = SDKROOT; };
		A9CFE2B61A29A5890004AE33 /* AVFoundation.framework */ = {isa = PBXFileReference; lastKnownFileType = wrapper.framework; name = AVFoundation.framework; path = System/Library/Frameworks/AVFoundation.framework; sourceTree = SDKROOT; };
		A9CFE2B81A29A58F0004AE33 /* CoreMedia.framework */ = {isa = PBXFileReference; lastKnownFileType = wrapper.framework; name = CoreMedia.framework; path = System/Library/Frameworks/CoreMedia.framework; sourceTree = SDKROOT; };
		A9DEE7D61A2A90A3007EBB31 /* assets */ = {isa = PBXFileReference; lastKnownFileType = folder; name = assets; path = ../assets; sourceTree = "<group>"; };
		A9DEE89A1A2ACD7D007EBB31 /* OVR.h */ = {isa = PBXFileReference; fileEncoding = 4; lastKnownFileType = sourcecode.c.h; path = OVR.h; sourceTree = "<group>"; };
		A9DEE89B1A2ACD7D007EBB31 /* OVRVersion.h */ = {isa = PBXFileReference; fileEncoding = 4; lastKnownFileType = sourcecode.c.h; path = OVRVersion.h; sourceTree = "<group>"; };
		A9DEE89F1A2ACD7D007EBB31 /* libovr.a */ = {isa = PBXFileReference; lastKnownFileType = archive.ar; path = libovr.a; sourceTree = "<group>"; };
		A9DEE8A11A2ACD7D007EBB31 /* libovr.a */ = {isa = PBXFileReference; lastKnownFileType = archive.ar; path = libovr.a; sourceTree = "<group>"; };
		A9DEE8A41A2ACD7D007EBB31 /* OVR_Alg.cpp */ = {isa = PBXFileReference; fileEncoding = 4; lastKnownFileType = sourcecode.cpp.cpp; path = OVR_Alg.cpp; sourceTree = "<group>"; };
		A9DEE8A51A2ACD7D007EBB31 /* OVR_Alg.h */ = {isa = PBXFileReference; fileEncoding = 4; lastKnownFileType = sourcecode.c.h; path = OVR_Alg.h; sourceTree = "<group>"; };
		A9DEE8A61A2ACD7D007EBB31 /* OVR_Allocator.cpp */ = {isa = PBXFileReference; fileEncoding = 4; lastKnownFileType = sourcecode.cpp.cpp; path = OVR_Allocator.cpp; sourceTree = "<group>"; };
		A9DEE8A71A2ACD7D007EBB31 /* OVR_Allocator.h */ = {isa = PBXFileReference; fileEncoding = 4; lastKnownFileType = sourcecode.c.h; path = OVR_Allocator.h; sourceTree = "<group>"; };
		A9DEE8A81A2ACD7D007EBB31 /* OVR_Array.h */ = {isa = PBXFileReference; fileEncoding = 4; lastKnownFileType = sourcecode.c.h; path = OVR_Array.h; sourceTree = "<group>"; };
		A9DEE8A91A2ACD7D007EBB31 /* OVR_Atomic.cpp */ = {isa = PBXFileReference; fileEncoding = 4; lastKnownFileType = sourcecode.cpp.cpp; path = OVR_Atomic.cpp; sourceTree = "<group>"; };
		A9DEE8AA1A2ACD7D007EBB31 /* OVR_Atomic.h */ = {isa = PBXFileReference; fileEncoding = 4; lastKnownFileType = sourcecode.c.h; path = OVR_Atomic.h; sourceTree = "<group>"; };
		A9DEE8AB1A2ACD7D007EBB31 /* OVR_Color.h */ = {isa = PBXFileReference; fileEncoding = 4; lastKnownFileType = sourcecode.c.h; path = OVR_Color.h; sourceTree = "<group>"; };
		A9DEE8AC1A2ACD7D007EBB31 /* OVR_ContainerAllocator.h */ = {isa = PBXFileReference; fileEncoding = 4; lastKnownFileType = sourcecode.c.h; path = OVR_ContainerAllocator.h; sourceTree = "<group>"; };
		A9DEE8AD1A2ACD7D007EBB31 /* OVR_File.cpp */ = {isa = PBXFileReference; fileEncoding = 4; lastKnownFileType = sourcecode.cpp.cpp; path = OVR_File.cpp; sourceTree = "<group>"; };
		A9DEE8AE1A2ACD7D007EBB31 /* OVR_File.h */ = {isa = PBXFileReference; fileEncoding = 4; lastKnownFileType = sourcecode.c.h; path = OVR_File.h; sourceTree = "<group>"; };
		A9DEE8AF1A2ACD7D007EBB31 /* OVR_FileFILE.cpp */ = {isa = PBXFileReference; fileEncoding = 4; lastKnownFileType = sourcecode.cpp.cpp; path = OVR_FileFILE.cpp; sourceTree = "<group>"; };
		A9DEE8B01A2ACD7D007EBB31 /* OVR_Hash.h */ = {isa = PBXFileReference; fileEncoding = 4; lastKnownFileType = sourcecode.c.h; path = OVR_Hash.h; sourceTree = "<group>"; };
		A9DEE8B11A2ACD7D007EBB31 /* OVR_KeyCodes.h */ = {isa = PBXFileReference; fileEncoding = 4; lastKnownFileType = sourcecode.c.h; path = OVR_KeyCodes.h; sourceTree = "<group>"; };
		A9DEE8B21A2ACD7D007EBB31 /* OVR_List.h */ = {isa = PBXFileReference; fileEncoding = 4; lastKnownFileType = sourcecode.c.h; path = OVR_List.h; sourceTree = "<group>"; };
		A9DEE8B31A2ACD7D007EBB31 /* OVR_Log.cpp */ = {isa = PBXFileReference; fileEncoding = 4; lastKnownFileType = sourcecode.cpp.cpp; path = OVR_Log.cpp; sourceTree = "<group>"; };
		A9DEE8B41A2ACD7D007EBB31 /* OVR_Log.h */ = {isa = PBXFileReference; fileEncoding = 4; lastKnownFileType = sourcecode.c.h; path = OVR_Log.h; sourceTree = "<group>"; };
		A9DEE8B51A2ACD7D007EBB31 /* OVR_Math.cpp */ = {isa = PBXFileReference; fileEncoding = 4; lastKnownFileType = sourcecode.cpp.cpp; path = OVR_Math.cpp; sourceTree = "<group>"; };
		A9DEE8B61A2ACD7D007EBB31 /* OVR_Math.h */ = {isa = PBXFileReference; fileEncoding = 4; lastKnownFileType = sourcecode.c.h; path = OVR_Math.h; sourceTree = "<group>"; };
		A9DEE8B71A2ACD7D007EBB31 /* OVR_RefCount.cpp */ = {isa = PBXFileReference; fileEncoding = 4; lastKnownFileType = sourcecode.cpp.cpp; path = OVR_RefCount.cpp; sourceTree = "<group>"; };
		A9DEE8B81A2ACD7D007EBB31 /* OVR_RefCount.h */ = {isa = PBXFileReference; fileEncoding = 4; lastKnownFileType = sourcecode.c.h; path = OVR_RefCount.h; sourceTree = "<group>"; };
		A9DEE8B91A2ACD7D007EBB31 /* OVR_Std.cpp */ = {isa = PBXFileReference; fileEncoding = 4; lastKnownFileType = sourcecode.cpp.cpp; path = OVR_Std.cpp; sourceTree = "<group>"; };
		A9DEE8BA1A2ACD7D007EBB31 /* OVR_Std.h */ = {isa = PBXFileReference; fileEncoding = 4; lastKnownFileType = sourcecode.c.h; path = OVR_Std.h; sourceTree = "<group>"; };
		A9DEE8BB1A2ACD7D007EBB31 /* OVR_String.cpp */ = {isa = PBXFileReference; fileEncoding = 4; lastKnownFileType = sourcecode.cpp.cpp; path = OVR_String.cpp; sourceTree = "<group>"; };
		A9DEE8BC1A2ACD7D007EBB31 /* OVR_String.h */ = {isa = PBXFileReference; fileEncoding = 4; lastKnownFileType = sourcecode.c.h; path = OVR_String.h; sourceTree = "<group>"; };
		A9DEE8BD1A2ACD7D007EBB31 /* OVR_String_FormatUtil.cpp */ = {isa = PBXFileReference; fileEncoding = 4; lastKnownFileType = sourcecode.cpp.cpp; path = OVR_String_FormatUtil.cpp; sourceTree = "<group>"; };
		A9DEE8BE1A2ACD7D007EBB31 /* OVR_String_PathUtil.cpp */ = {isa = PBXFileReference; fileEncoding = 4; lastKnownFileType = sourcecode.cpp.cpp; path = OVR_String_PathUtil.cpp; sourceTree = "<group>"; };
		A9DEE8BF1A2ACD7D007EBB31 /* OVR_StringHash.h */ = {isa = PBXFileReference; fileEncoding = 4; lastKnownFileType = sourcecode.c.h; path = OVR_StringHash.h; sourceTree = "<group>"; };
		A9DEE8C01A2ACD7D007EBB31 /* OVR_SysFile.cpp */ = {isa = PBXFileReference; fileEncoding = 4; lastKnownFileType = sourcecode.cpp.cpp; path = OVR_SysFile.cpp; sourceTree = "<group>"; };
		A9DEE8C11A2ACD7D007EBB31 /* OVR_SysFile.h */ = {isa = PBXFileReference; fileEncoding = 4; lastKnownFileType = sourcecode.c.h; path = OVR_SysFile.h; sourceTree = "<group>"; };
		A9DEE8C21A2ACD7D007EBB31 /* OVR_System.cpp */ = {isa = PBXFileReference; fileEncoding = 4; lastKnownFileType = sourcecode.cpp.cpp; path = OVR_System.cpp; sourceTree = "<group>"; };
		A9DEE8C31A2ACD7D007EBB31 /* OVR_System.h */ = {isa = PBXFileReference; fileEncoding = 4; lastKnownFileType = sourcecode.c.h; path = OVR_System.h; sourceTree = "<group>"; };
		A9DEE8C41A2ACD7D007EBB31 /* OVR_Threads.h */ = {isa = PBXFileReference; fileEncoding = 4; lastKnownFileType = sourcecode.c.h; path = OVR_Threads.h; sourceTree = "<group>"; };
		A9DEE8C51A2ACD7D007EBB31 /* OVR_ThreadsPthread.cpp */ = {isa = PBXFileReference; fileEncoding = 4; lastKnownFileType = sourcecode.cpp.cpp; path = OVR_ThreadsPthread.cpp; sourceTree = "<group>"; };
		A9DEE8C71A2ACD7D007EBB31 /* OVR_Timer.cpp */ = {isa = PBXFileReference; fileEncoding = 4; lastKnownFileType = sourcecode.cpp.cpp; path = OVR_Timer.cpp; sourceTree = "<group>"; };
		A9DEE8C81A2ACD7D007EBB31 /* OVR_Timer.h */ = {isa = PBXFileReference; fileEncoding = 4; lastKnownFileType = sourcecode.c.h; path = OVR_Timer.h; sourceTree = "<group>"; };
		A9DEE8C91A2ACD7D007EBB31 /* OVR_Types.h */ = {isa = PBXFileReference; fileEncoding = 4; lastKnownFileType = sourcecode.c.h; path = OVR_Types.h; sourceTree = "<group>"; };
		A9DEE8CA1A2ACD7D007EBB31 /* OVR_UTF8Util.cpp */ = {isa = PBXFileReference; fileEncoding = 4; lastKnownFileType = sourcecode.cpp.cpp; path = OVR_UTF8Util.cpp; sourceTree = "<group>"; };
		A9DEE8CB1A2ACD7D007EBB31 /* OVR_UTF8Util.h */ = {isa = PBXFileReference; fileEncoding = 4; lastKnownFileType = sourcecode.c.h; path = OVR_UTF8Util.h; sourceTree = "<group>"; };
		A9DEE8CC1A2ACD7D007EBB31 /* OVR_Device.h */ = {isa = PBXFileReference; fileEncoding = 4; lastKnownFileType = sourcecode.c.h; path = OVR_Device.h; sourceTree = "<group>"; };
		A9DEE8CD1A2ACD7D007EBB31 /* OVR_DeviceConstants.h */ = {isa = PBXFileReference; fileEncoding = 4; lastKnownFileType = sourcecode.c.h; path = OVR_DeviceConstants.h; sourceTree = "<group>"; };
		A9DEE8CE1A2ACD7D007EBB31 /* OVR_DeviceHandle.cpp */ = {isa = PBXFileReference; fileEncoding = 4; lastKnownFileType = sourcecode.cpp.cpp; path = OVR_DeviceHandle.cpp; sourceTree = "<group>"; };
		A9DEE8CF1A2ACD7D007EBB31 /* OVR_DeviceHandle.h */ = {isa = PBXFileReference; fileEncoding = 4; lastKnownFileType = sourcecode.c.h; path = OVR_DeviceHandle.h; sourceTree = "<group>"; };
		A9DEE8D01A2ACD7D007EBB31 /* OVR_DeviceImpl.cpp */ = {isa = PBXFileReference; fileEncoding = 4; lastKnownFileType = sourcecode.cpp.cpp; path = OVR_DeviceImpl.cpp; sourceTree = "<group>"; };
		A9DEE8D11A2ACD7D007EBB31 /* OVR_DeviceImpl.h */ = {isa = PBXFileReference; fileEncoding = 4; lastKnownFileType = sourcecode.c.h; path = OVR_DeviceImpl.h; sourceTree = "<group>"; };
		A9DEE8D21A2ACD7D007EBB31 /* OVR_DeviceMessages.h */ = {isa = PBXFileReference; fileEncoding = 4; lastKnownFileType = sourcecode.c.h; path = OVR_DeviceMessages.h; sourceTree = "<group>"; };
		A9DEE8D31A2ACD7D007EBB31 /* OVR_HIDDevice.h */ = {isa = PBXFileReference; fileEncoding = 4; lastKnownFileType = sourcecode.c.h; path = OVR_HIDDevice.h; sourceTree = "<group>"; };
		A9DEE8D41A2ACD7D007EBB31 /* OVR_HIDDeviceBase.h */ = {isa = PBXFileReference; fileEncoding = 4; lastKnownFileType = sourcecode.c.h; path = OVR_HIDDeviceBase.h; sourceTree = "<group>"; };
		A9DEE8D51A2ACD7D007EBB31 /* OVR_HIDDeviceImpl.h */ = {isa = PBXFileReference; fileEncoding = 4; lastKnownFileType = sourcecode.c.h; path = OVR_HIDDeviceImpl.h; sourceTree = "<group>"; };
		A9DEE8D61A2ACD7D007EBB31 /* OVR_JSON.cpp */ = {isa = PBXFileReference; fileEncoding = 4; lastKnownFileType = sourcecode.cpp.cpp; path = OVR_JSON.cpp; sourceTree = "<group>"; };
		A9DEE8D71A2ACD7D007EBB31 /* OVR_JSON.h */ = {isa = PBXFileReference; fileEncoding = 4; lastKnownFileType = sourcecode.c.h; path = OVR_JSON.h; sourceTree = "<group>"; };
		A9DEE8D81A2ACD7D007EBB31 /* OVR_LatencyTestImpl.cpp */ = {isa = PBXFileReference; fileEncoding = 4; lastKnownFileType = sourcecode.cpp.cpp; path = OVR_LatencyTestImpl.cpp; sourceTree = "<group>"; };
		A9DEE8D91A2ACD7D007EBB31 /* OVR_LatencyTestImpl.h */ = {isa = PBXFileReference; fileEncoding = 4; lastKnownFileType = sourcecode.c.h; path = OVR_LatencyTestImpl.h; sourceTree = "<group>"; };
		A9DEE8DA1A2ACD7D007EBB31 /* OVR_OSX_DeviceManager.cpp */ = {isa = PBXFileReference; fileEncoding = 4; lastKnownFileType = sourcecode.cpp.cpp; path = OVR_OSX_DeviceManager.cpp; sourceTree = "<group>"; };
		A9DEE8DB1A2ACD7D007EBB31 /* OVR_OSX_DeviceManager.h */ = {isa = PBXFileReference; fileEncoding = 4; lastKnownFileType = sourcecode.c.h; path = OVR_OSX_DeviceManager.h; sourceTree = "<group>"; };
		A9DEE8DC1A2ACD7D007EBB31 /* OVR_OSX_HIDDevice.cpp */ = {isa = PBXFileReference; fileEncoding = 4; lastKnownFileType = sourcecode.cpp.cpp; path = OVR_OSX_HIDDevice.cpp; sourceTree = "<group>"; };
		A9DEE8DD1A2ACD7D007EBB31 /* OVR_OSX_HIDDevice.h */ = {isa = PBXFileReference; fileEncoding = 4; lastKnownFileType = sourcecode.c.h; path = OVR_OSX_HIDDevice.h; sourceTree = "<group>"; };
		A9DEE8DE1A2ACD7D007EBB31 /* OVR_OSX_HMDDevice.cpp */ = {isa = PBXFileReference; fileEncoding = 4; lastKnownFileType = sourcecode.cpp.cpp; path = OVR_OSX_HMDDevice.cpp; sourceTree = "<group>"; };
		A9DEE8DF1A2ACD7D007EBB31 /* OVR_OSX_HMDDevice.h */ = {isa = PBXFileReference; fileEncoding = 4; lastKnownFileType = sourcecode.c.h; path = OVR_OSX_HMDDevice.h; sourceTree = "<group>"; };
		A9DEE8E01A2ACD7D007EBB31 /* OVR_OSX_SensorDevice.cpp */ = {isa = PBXFileReference; fileEncoding = 4; lastKnownFileType = sourcecode.cpp.cpp; path = OVR_OSX_SensorDevice.cpp; sourceTree = "<group>"; };
		A9DEE8E11A2ACD7D007EBB31 /* OVR_Profile.cpp */ = {isa = PBXFileReference; fileEncoding = 4; lastKnownFileType = sourcecode.cpp.cpp; path = OVR_Profile.cpp; sourceTree = "<group>"; };
		A9DEE8E21A2ACD7D007EBB31 /* OVR_Profile.h */ = {isa = PBXFileReference; fileEncoding = 4; lastKnownFileType = sourcecode.c.h; path = OVR_Profile.h; sourceTree = "<group>"; };
		A9DEE8E31A2ACD7D007EBB31 /* OVR_SensorFilter.cpp */ = {isa = PBXFileReference; fileEncoding = 4; lastKnownFileType = sourcecode.cpp.cpp; path = OVR_SensorFilter.cpp; sourceTree = "<group>"; };
		A9DEE8E41A2ACD7D007EBB31 /* OVR_SensorFilter.h */ = {isa = PBXFileReference; fileEncoding = 4; lastKnownFileType = sourcecode.c.h; path = OVR_SensorFilter.h; sourceTree = "<group>"; };
		A9DEE8E51A2ACD7D007EBB31 /* OVR_SensorFusion.cpp */ = {isa = PBXFileReference; fileEncoding = 4; lastKnownFileType = sourcecode.cpp.cpp; path = OVR_SensorFusion.cpp; sourceTree = "<group>"; };
		A9DEE8E61A2ACD7D007EBB31 /* OVR_SensorFusion.h */ = {isa = PBXFileReference; fileEncoding = 4; lastKnownFileType = sourcecode.c.h; path = OVR_SensorFusion.h; sourceTree = "<group>"; };
		A9DEE8E71A2ACD7D007EBB31 /* OVR_SensorImpl.cpp */ = {isa = PBXFileReference; fileEncoding = 4; lastKnownFileType = sourcecode.cpp.cpp; path = OVR_SensorImpl.cpp; sourceTree = "<group>"; };
		A9DEE8E81A2ACD7D007EBB31 /* OVR_SensorImpl.h */ = {isa = PBXFileReference; fileEncoding = 4; lastKnownFileType = sourcecode.c.h; path = OVR_SensorImpl.h; sourceTree = "<group>"; };
		A9DEE8E91A2ACD7D007EBB31 /* OVR_ThreadCommandQueue.cpp */ = {isa = PBXFileReference; fileEncoding = 4; lastKnownFileType = sourcecode.cpp.cpp; path = OVR_ThreadCommandQueue.cpp; sourceTree = "<group>"; };
		A9DEE8EA1A2ACD7D007EBB31 /* OVR_ThreadCommandQueue.h */ = {isa = PBXFileReference; fileEncoding = 4; lastKnownFileType = sourcecode.c.h; path = OVR_ThreadCommandQueue.h; sourceTree = "<group>"; };
		A9DEE8EC1A2ACD7D007EBB31 /* Util_LatencyTest.cpp */ = {isa = PBXFileReference; fileEncoding = 4; lastKnownFileType = sourcecode.cpp.cpp; path = Util_LatencyTest.cpp; sourceTree = "<group>"; };
		A9DEE8ED1A2ACD7D007EBB31 /* Util_LatencyTest.h */ = {isa = PBXFileReference; fileEncoding = 4; lastKnownFileType = sourcecode.c.h; path = Util_LatencyTest.h; sourceTree = "<group>"; };
		A9DEE8EE1A2ACD7D007EBB31 /* Util_MagCalibration.cpp */ = {isa = PBXFileReference; fileEncoding = 4; lastKnownFileType = sourcecode.cpp.cpp; path = Util_MagCalibration.cpp; sourceTree = "<group>"; };
		A9DEE8EF1A2ACD7D007EBB31 /* Util_MagCalibration.h */ = {isa = PBXFileReference; fileEncoding = 4; lastKnownFileType = sourcecode.c.h; path = Util_MagCalibration.h; sourceTree = "<group>"; };
		A9DEE8F01A2ACD7D007EBB31 /* Util_Render_Stereo.cpp */ = {isa = PBXFileReference; fileEncoding = 4; lastKnownFileType = sourcecode.cpp.cpp; path = Util_Render_Stereo.cpp; sourceTree = "<group>"; };
		A9DEE8F11A2ACD7D007EBB31 /* Util_Render_Stereo.h */ = {isa = PBXFileReference; fileEncoding = 4; lastKnownFileType = sourcecode.c.h; path = Util_Render_Stereo.h; sourceTree = "<group>"; };
		A9DEE9821A2ACD7D007EBB31 /* CameraStereoHMD.cpp */ = {isa = PBXFileReference; fileEncoding = 4; lastKnownFileType = sourcecode.cpp.cpp; path = CameraStereoHMD.cpp; sourceTree = "<group>"; };
		A9DEE9831A2ACD7D007EBB31 /* CameraStereoHMD.h */ = {isa = PBXFileReference; fileEncoding = 4; lastKnownFileType = sourcecode.c.h; path = CameraStereoHMD.h; sourceTree = "<group>"; };
		A9DEE9841A2ACD7D007EBB31 /* OculusVR.cpp */ = {isa = PBXFileReference; fileEncoding = 4; lastKnownFileType = sourcecode.cpp.cpp; path = OculusVR.cpp; sourceTree = "<group>"; };
		A9DEE9851A2ACD7D007EBB31 /* OculusVR.h */ = {isa = PBXFileReference; fileEncoding = 4; lastKnownFileType = sourcecode.c.h; path = OculusVR.h; sourceTree = "<group>"; };
		DFD8F438E5BD4BAA88BF8A27 /* CinderApp.icns */ = {isa = PBXFileReference; lastKnownFileType = image.icns; name = CinderApp.icns; path = ../resources/CinderApp.icns; sourceTree = "<group>"; };
		EFF305FABEE949C1909CD341 /* oculusBaseApp_Prefix.pch */ = {isa = PBXFileReference; lastKnownFileType = "\"\""; path = oculusBaseApp_Prefix.pch; sourceTree = "<group>"; };
/* End PBXFileReference section */

/* Begin PBXFrameworksBuildPhase section */
		8D11072E0486CEB800E47090 /* Frameworks */ = {
			isa = PBXFrameworksBuildPhase;
			buildActionMask = 2147483647;
			files = (
				A9CFE2B91A29A58F0004AE33 /* CoreMedia.framework in Frameworks */,
				A9CFE2B71A29A5890004AE33 /* AVFoundation.framework in Frameworks */,
				8D11072F0486CEB800E47090 /* Cocoa.framework in Frameworks */,
				0091D8F90E81B9330029341E /* OpenGL.framework in Frameworks */,
				5323E6B20EAFCA74003A9687 /* CoreVideo.framework in Frameworks */,
				5323E6B60EAFCA7E003A9687 /* QTKit.framework in Frameworks */,
				00B784B30FF439BC000DE1D7 /* Accelerate.framework in Frameworks */,
				A9DEE9891A2ACD7D007EBB31 /* libovr.a in Frameworks */,
				A9DEE9881A2ACD7D007EBB31 /* libovr.a in Frameworks */,
				00B784B40FF439BC000DE1D7 /* AudioToolbox.framework in Frameworks */,
				00B784B50FF439BC000DE1D7 /* AudioUnit.framework in Frameworks */,
				00B784B60FF439BC000DE1D7 /* CoreAudio.framework in Frameworks */,
				9D26144F5785426D88CD6ABE /* IOKit.framework in Frameworks */,
				257B1BC2B6654E96A8FDF31D /* IOSurface.framework in Frameworks */,
			);
			runOnlyForDeploymentPostprocessing = 0;
		};
/* End PBXFrameworksBuildPhase section */

/* Begin PBXGroup section */
		01B97315FEAEA392516A2CEA /* Blocks */ = {
			isa = PBXGroup;
			children = (
				A9DEE8951A2ACD7D007EBB31 /* OculusRift */,
			);
			name = Blocks;
			sourceTree = "<group>";
		};
		080E96DDFE201D6D7F000001 /* Source */ = {
			isa = PBXGroup;
			children = (
				5FCFC6EA912D49B9AB5232E5 /* oculusBaseAppApp.cpp */,
			);
			name = Source;
			sourceTree = "<group>";
		};
		1058C7A0FEA54F0111CA2CBB /* Linked Frameworks */ = {
			isa = PBXGroup;
			children = (
				00B784AF0FF439BC000DE1D7 /* Accelerate.framework */,
				00B784B00FF439BC000DE1D7 /* AudioToolbox.framework */,
				00B784B10FF439BC000DE1D7 /* AudioUnit.framework */,
				00B784B20FF439BC000DE1D7 /* CoreAudio.framework */,
				5323E6B50EAFCA7E003A9687 /* QTKit.framework */,
				5323E6B10EAFCA74003A9687 /* CoreVideo.framework */,
				0091D8F80E81B9330029341E /* OpenGL.framework */,
				1058C7A1FEA54F0111CA2CBB /* Cocoa.framework */,
			);
			name = "Linked Frameworks";
			sourceTree = "<group>";
		};
		1058C7A2FEA54F0111CA2CBB /* Other Frameworks */ = {
			isa = PBXGroup;
			children = (
				29B97324FDCFA39411CA2CEA /* AppKit.framework */,
				29B97325FDCFA39411CA2CEA /* Foundation.framework */,
			);
			name = "Other Frameworks";
			sourceTree = "<group>";
		};
		19C28FACFE9D520D11CA2CBB /* Products */ = {
			isa = PBXGroup;
			children = (
				8D1107320486CEB800E47090 /* oculusBaseApp.app */,
			);
			name = Products;
			sourceTree = "<group>";
		};
		29B97314FDCFA39411CA2CEA /* oculusBaseApp */ = {
			isa = PBXGroup;
			children = (
				01B97315FEAEA392516A2CEA /* Blocks */,
				29B97315FDCFA39411CA2CEA /* Headers */,
				080E96DDFE201D6D7F000001 /* Source */,
				29B97317FDCFA39411CA2CEA /* Resources */,
				29B97323FDCFA39411CA2CEA /* Frameworks */,
				19C28FACFE9D520D11CA2CBB /* Products */,
			);
			name = oculusBaseApp;
			sourceTree = "<group>";
		};
		29B97315FDCFA39411CA2CEA /* Headers */ = {
			isa = PBXGroup;
			children = (
				6AE447B8E5BA42A1A97005D1 /* Resources.h */,
				EFF305FABEE949C1909CD341 /* oculusBaseApp_Prefix.pch */,
			);
			name = Headers;
			sourceTree = "<group>";
		};
		29B97317FDCFA39411CA2CEA /* Resources */ = {
			isa = PBXGroup;
			children = (
				A9DEE7D61A2A90A3007EBB31 /* assets */,
				DFD8F438E5BD4BAA88BF8A27 /* CinderApp.icns */,
				7132707E4D9240D2A0B22FC3 /* Info.plist */,
			);
			name = Resources;
			sourceTree = "<group>";
		};
		29B97323FDCFA39411CA2CEA /* Frameworks */ = {
			isa = PBXGroup;
			children = (
				A9CFE2B81A29A58F0004AE33 /* CoreMedia.framework */,
				A9CFE2B61A29A5890004AE33 /* AVFoundation.framework */,
				1058C7A0FEA54F0111CA2CBB /* Linked Frameworks */,
				1058C7A2FEA54F0111CA2CBB /* Other Frameworks */,
				A35DA7CDEF674B95AD3A8C9D /* IOKit.framework */,
				15E6A289233241509D0D968A /* IOSurface.framework */,
			);
			name = Frameworks;
			sourceTree = "<group>";
		};
		A9DEE8951A2ACD7D007EBB31 /* OculusRift */ = {
			isa = PBXGroup;
			children = (
				A9DEE8981A2ACD7D007EBB31 /* LibOVR */,
				A9DEE9811A2ACD7D007EBB31 /* src */,
			);
			name = OculusRift;
			path = ../../..;
			sourceTree = "<group>";
		};
		A9DEE8981A2ACD7D007EBB31 /* LibOVR */ = {
			isa = PBXGroup;
			children = (
				A9DEE8991A2ACD7D007EBB31 /* Include */,
				A9DEE89C1A2ACD7D007EBB31 /* Lib */,
				A9DEE8A21A2ACD7D007EBB31 /* Src */,
			);
			path = LibOVR;
			sourceTree = "<group>";
		};
		A9DEE8991A2ACD7D007EBB31 /* Include */ = {
			isa = PBXGroup;
			children = (
				A9DEE89A1A2ACD7D007EBB31 /* OVR.h */,
				A9DEE89B1A2ACD7D007EBB31 /* OVRVersion.h */,
			);
			path = Include;
			sourceTree = "<group>";
		};
		A9DEE89C1A2ACD7D007EBB31 /* Lib */ = {
			isa = PBXGroup;
			children = (
				A9DEE89D1A2ACD7D007EBB31 /* MacOS */,
			);
			path = Lib;
			sourceTree = "<group>";
		};
		A9DEE89D1A2ACD7D007EBB31 /* MacOS */ = {
			isa = PBXGroup;
			children = (
				A9DEE89E1A2ACD7D007EBB31 /* Debug */,
				A9DEE8A01A2ACD7D007EBB31 /* Release */,
			);
			path = MacOS;
			sourceTree = "<group>";
		};
		A9DEE89E1A2ACD7D007EBB31 /* Debug */ = {
			isa = PBXGroup;
			children = (
				A9DEE89F1A2ACD7D007EBB31 /* libovr.a */,
			);
			path = Debug;
			sourceTree = "<group>";
		};
		A9DEE8A01A2ACD7D007EBB31 /* Release */ = {
			isa = PBXGroup;
			children = (
				A9DEE8A11A2ACD7D007EBB31 /* libovr.a */,
			);
			path = Release;
			sourceTree = "<group>";
		};
		A9DEE8A21A2ACD7D007EBB31 /* Src */ = {
			isa = PBXGroup;
			children = (
				A9DEE8A31A2ACD7D007EBB31 /* Kernel */,
				A9DEE8CC1A2ACD7D007EBB31 /* OVR_Device.h */,
				A9DEE8CD1A2ACD7D007EBB31 /* OVR_DeviceConstants.h */,
				A9DEE8CE1A2ACD7D007EBB31 /* OVR_DeviceHandle.cpp */,
				A9DEE8CF1A2ACD7D007EBB31 /* OVR_DeviceHandle.h */,
				A9DEE8D01A2ACD7D007EBB31 /* OVR_DeviceImpl.cpp */,
				A9DEE8D11A2ACD7D007EBB31 /* OVR_DeviceImpl.h */,
				A9DEE8D21A2ACD7D007EBB31 /* OVR_DeviceMessages.h */,
				A9DEE8D31A2ACD7D007EBB31 /* OVR_HIDDevice.h */,
				A9DEE8D41A2ACD7D007EBB31 /* OVR_HIDDeviceBase.h */,
				A9DEE8D51A2ACD7D007EBB31 /* OVR_HIDDeviceImpl.h */,
				A9DEE8D61A2ACD7D007EBB31 /* OVR_JSON.cpp */,
				A9DEE8D71A2ACD7D007EBB31 /* OVR_JSON.h */,
				A9DEE8D81A2ACD7D007EBB31 /* OVR_LatencyTestImpl.cpp */,
				A9DEE8D91A2ACD7D007EBB31 /* OVR_LatencyTestImpl.h */,
				A9DEE8DA1A2ACD7D007EBB31 /* OVR_OSX_DeviceManager.cpp */,
				A9DEE8DB1A2ACD7D007EBB31 /* OVR_OSX_DeviceManager.h */,
				A9DEE8DC1A2ACD7D007EBB31 /* OVR_OSX_HIDDevice.cpp */,
				A9DEE8DD1A2ACD7D007EBB31 /* OVR_OSX_HIDDevice.h */,
				A9DEE8DE1A2ACD7D007EBB31 /* OVR_OSX_HMDDevice.cpp */,
				A9DEE8DF1A2ACD7D007EBB31 /* OVR_OSX_HMDDevice.h */,
				A9DEE8E01A2ACD7D007EBB31 /* OVR_OSX_SensorDevice.cpp */,
				A9DEE8E11A2ACD7D007EBB31 /* OVR_Profile.cpp */,
				A9DEE8E21A2ACD7D007EBB31 /* OVR_Profile.h */,
				A9DEE8E31A2ACD7D007EBB31 /* OVR_SensorFilter.cpp */,
				A9DEE8E41A2ACD7D007EBB31 /* OVR_SensorFilter.h */,
				A9DEE8E51A2ACD7D007EBB31 /* OVR_SensorFusion.cpp */,
				A9DEE8E61A2ACD7D007EBB31 /* OVR_SensorFusion.h */,
				A9DEE8E71A2ACD7D007EBB31 /* OVR_SensorImpl.cpp */,
				A9DEE8E81A2ACD7D007EBB31 /* OVR_SensorImpl.h */,
				A9DEE8E91A2ACD7D007EBB31 /* OVR_ThreadCommandQueue.cpp */,
				A9DEE8EA1A2ACD7D007EBB31 /* OVR_ThreadCommandQueue.h */,
				A9DEE8EB1A2ACD7D007EBB31 /* Util */,
			);
			path = Src;
			sourceTree = "<group>";
		};
		A9DEE8A31A2ACD7D007EBB31 /* Kernel */ = {
			isa = PBXGroup;
			children = (
				A9DEE8A41A2ACD7D007EBB31 /* OVR_Alg.cpp */,
				A9DEE8A51A2ACD7D007EBB31 /* OVR_Alg.h */,
				A9DEE8A61A2ACD7D007EBB31 /* OVR_Allocator.cpp */,
				A9DEE8A71A2ACD7D007EBB31 /* OVR_Allocator.h */,
				A9DEE8A81A2ACD7D007EBB31 /* OVR_Array.h */,
				A9DEE8A91A2ACD7D007EBB31 /* OVR_Atomic.cpp */,
				A9DEE8AA1A2ACD7D007EBB31 /* OVR_Atomic.h */,
				A9DEE8AB1A2ACD7D007EBB31 /* OVR_Color.h */,
				A9DEE8AC1A2ACD7D007EBB31 /* OVR_ContainerAllocator.h */,
				A9DEE8AD1A2ACD7D007EBB31 /* OVR_File.cpp */,
				A9DEE8AE1A2ACD7D007EBB31 /* OVR_File.h */,
				A9DEE8AF1A2ACD7D007EBB31 /* OVR_FileFILE.cpp */,
				A9DEE8B01A2ACD7D007EBB31 /* OVR_Hash.h */,
				A9DEE8B11A2ACD7D007EBB31 /* OVR_KeyCodes.h */,
				A9DEE8B21A2ACD7D007EBB31 /* OVR_List.h */,
				A9DEE8B31A2ACD7D007EBB31 /* OVR_Log.cpp */,
				A9DEE8B41A2ACD7D007EBB31 /* OVR_Log.h */,
				A9DEE8B51A2ACD7D007EBB31 /* OVR_Math.cpp */,
				A9DEE8B61A2ACD7D007EBB31 /* OVR_Math.h */,
				A9DEE8B71A2ACD7D007EBB31 /* OVR_RefCount.cpp */,
				A9DEE8B81A2ACD7D007EBB31 /* OVR_RefCount.h */,
				A9DEE8B91A2ACD7D007EBB31 /* OVR_Std.cpp */,
				A9DEE8BA1A2ACD7D007EBB31 /* OVR_Std.h */,
				A9DEE8BB1A2ACD7D007EBB31 /* OVR_String.cpp */,
				A9DEE8BC1A2ACD7D007EBB31 /* OVR_String.h */,
				A9DEE8BD1A2ACD7D007EBB31 /* OVR_String_FormatUtil.cpp */,
				A9DEE8BE1A2ACD7D007EBB31 /* OVR_String_PathUtil.cpp */,
				A9DEE8BF1A2ACD7D007EBB31 /* OVR_StringHash.h */,
				A9DEE8C01A2ACD7D007EBB31 /* OVR_SysFile.cpp */,
				A9DEE8C11A2ACD7D007EBB31 /* OVR_SysFile.h */,
				A9DEE8C21A2ACD7D007EBB31 /* OVR_System.cpp */,
				A9DEE8C31A2ACD7D007EBB31 /* OVR_System.h */,
				A9DEE8C41A2ACD7D007EBB31 /* OVR_Threads.h */,
				A9DEE8C51A2ACD7D007EBB31 /* OVR_ThreadsPthread.cpp */,
				A9DEE8C71A2ACD7D007EBB31 /* OVR_Timer.cpp */,
				A9DEE8C81A2ACD7D007EBB31 /* OVR_Timer.h */,
				A9DEE8C91A2ACD7D007EBB31 /* OVR_Types.h */,
				A9DEE8CA1A2ACD7D007EBB31 /* OVR_UTF8Util.cpp */,
				A9DEE8CB1A2ACD7D007EBB31 /* OVR_UTF8Util.h */,
			);
			path = Kernel;
			sourceTree = "<group>";
		};
		A9DEE8EB1A2ACD7D007EBB31 /* Util */ = {
			isa = PBXGroup;
			children = (
				A9DEE8EC1A2ACD7D007EBB31 /* Util_LatencyTest.cpp */,
				A9DEE8ED1A2ACD7D007EBB31 /* Util_LatencyTest.h */,
				A9DEE8EE1A2ACD7D007EBB31 /* Util_MagCalibration.cpp */,
				A9DEE8EF1A2ACD7D007EBB31 /* Util_MagCalibration.h */,
				A9DEE8F01A2ACD7D007EBB31 /* Util_Render_Stereo.cpp */,
				A9DEE8F11A2ACD7D007EBB31 /* Util_Render_Stereo.h */,
			);
			path = Util;
			sourceTree = "<group>";
		};
		A9DEE9811A2ACD7D007EBB31 /* src */ = {
			isa = PBXGroup;
			children = (
				A9DEE9821A2ACD7D007EBB31 /* CameraStereoHMD.cpp */,
				A9DEE9831A2ACD7D007EBB31 /* CameraStereoHMD.h */,
				A9DEE9841A2ACD7D007EBB31 /* OculusVR.cpp */,
				A9DEE9851A2ACD7D007EBB31 /* OculusVR.h */,
			);
			path = src;
			sourceTree = "<group>";
		};
/* End PBXGroup section */

/* Begin PBXNativeTarget section */
		8D1107260486CEB800E47090 /* oculusBaseApp */ = {
			isa = PBXNativeTarget;
			buildConfigurationList = C01FCF4A08A954540054247B /* Build configuration list for PBXNativeTarget "oculusBaseApp" */;
			buildPhases = (
				8D1107290486CEB800E47090 /* Resources */,
				8D11072C0486CEB800E47090 /* Sources */,
				8D11072E0486CEB800E47090 /* Frameworks */,
			);
			buildRules = (
			);
			dependencies = (
			);
			name = oculusBaseApp;
			productInstallPath = "$(HOME)/Applications";
			productName = oculusBaseApp;
			productReference = 8D1107320486CEB800E47090 /* oculusBaseApp.app */;
			productType = "com.apple.product-type.application";
		};
/* End PBXNativeTarget section */

/* Begin PBXProject section */
		29B97313FDCFA39411CA2CEA /* Project object */ = {
			isa = PBXProject;
			attributes = {
			};
			buildConfigurationList = C01FCF4E08A954540054247B /* Build configuration list for PBXProject "oculusBaseApp" */;
			compatibilityVersion = "Xcode 3.2";
			developmentRegion = English;
			hasScannedForEncodings = 1;
			knownRegions = (
				English,
				Japanese,
				French,
				German,
			);
			mainGroup = 29B97314FDCFA39411CA2CEA /* oculusBaseApp */;
			projectDirPath = "";
			projectRoot = "";
			targets = (
				8D1107260486CEB800E47090 /* oculusBaseApp */,
			);
		};
/* End PBXProject section */

/* Begin PBXResourcesBuildPhase section */
		8D1107290486CEB800E47090 /* Resources */ = {
			isa = PBXResourcesBuildPhase;
			buildActionMask = 2147483647;
			files = (
				F19E17885F424EDD911DEFE6 /* CinderApp.icns in Resources */,
				A9DEE7D71A2A90A3007EBB31 /* assets in Resources */,
			);
			runOnlyForDeploymentPostprocessing = 0;
		};
/* End PBXResourcesBuildPhase section */

/* Begin PBXSourcesBuildPhase section */
		8D11072C0486CEB800E47090 /* Sources */ = {
			isa = PBXSourcesBuildPhase;
			buildActionMask = 2147483647;
			files = (
				A9DEE9A51A2ACD7D007EBB31 /* OVR_SensorFilter.cpp in Sources */,
				A9DEE9981A2ACD7D007EBB31 /* OVR_ThreadsPthread.cpp in Sources */,
				A9DEE9911A2ACD7D007EBB31 /* OVR_RefCount.cpp in Sources */,
				A9DEE9961A2ACD7D007EBB31 /* OVR_SysFile.cpp in Sources */,
				A9DEE99A1A2ACD7D007EBB31 /* OVR_Timer.cpp in Sources */,
				A9DEE9AB1A2ACD7D007EBB31 /* Util_Render_Stereo.cpp in Sources */,
				A9DEE98D1A2ACD7D007EBB31 /* OVR_File.cpp in Sources */,
				A9DEE98E1A2ACD7D007EBB31 /* OVR_FileFILE.cpp in Sources */,
				A9DEE9A61A2ACD7D007EBB31 /* OVR_SensorFusion.cpp in Sources */,
				A9DEE9A11A2ACD7D007EBB31 /* OVR_OSX_HIDDevice.cpp in Sources */,
				A9DEE9A41A2ACD7D007EBB31 /* OVR_Profile.cpp in Sources */,
				A9DEE9921A2ACD7D007EBB31 /* OVR_Std.cpp in Sources */,
				A9DEE99E1A2ACD7D007EBB31 /* OVR_JSON.cpp in Sources */,
				A9DEE98A1A2ACD7D007EBB31 /* OVR_Alg.cpp in Sources */,
				A9DEE99F1A2ACD7D007EBB31 /* OVR_LatencyTestImpl.cpp in Sources */,
				A9DEE9941A2ACD7D007EBB31 /* OVR_String_FormatUtil.cpp in Sources */,
				8FB9B552736B41A7AF5A2486 /* oculusBaseAppApp.cpp in Sources */,
				A9DEE99B1A2ACD7D007EBB31 /* OVR_UTF8Util.cpp in Sources */,
				A9DEE98C1A2ACD7D007EBB31 /* OVR_Atomic.cpp in Sources */,
				A9DEE9951A2ACD7D007EBB31 /* OVR_String_PathUtil.cpp in Sources */,
				A9DEE9A21A2ACD7D007EBB31 /* OVR_OSX_HMDDevice.cpp in Sources */,
				A9DEE9931A2ACD7D007EBB31 /* OVR_String.cpp in Sources */,
				A9DEE9A71A2ACD7D007EBB31 /* OVR_SensorImpl.cpp in Sources */,
				A9DEEA261A2ACD7D007EBB31 /* CameraStereoHMD.cpp in Sources */,
				A9DEE99C1A2ACD7D007EBB31 /* OVR_DeviceHandle.cpp in Sources */,
				A9DEE9901A2ACD7D007EBB31 /* OVR_Math.cpp in Sources */,
				A9DEE9A91A2ACD7D007EBB31 /* Util_LatencyTest.cpp in Sources */,
				A9DEEA271A2ACD7D007EBB31 /* OculusVR.cpp in Sources */,
				A9DEE98B1A2ACD7D007EBB31 /* OVR_Allocator.cpp in Sources */,
				A9DEE9A31A2ACD7D007EBB31 /* OVR_OSX_SensorDevice.cpp in Sources */,
				A9DEE9A01A2ACD7D007EBB31 /* OVR_OSX_DeviceManager.cpp in Sources */,
				A9DEE9971A2ACD7D007EBB31 /* OVR_System.cpp in Sources */,
				A9DEE9AA1A2ACD7D007EBB31 /* Util_MagCalibration.cpp in Sources */,
				A9DEE9A81A2ACD7D007EBB31 /* OVR_ThreadCommandQueue.cpp in Sources */,
				A9DEE98F1A2ACD7D007EBB31 /* OVR_Log.cpp in Sources */,
				A9DEE99D1A2ACD7D007EBB31 /* OVR_DeviceImpl.cpp in Sources */,
			);
			runOnlyForDeploymentPostprocessing = 0;
		};
/* End PBXSourcesBuildPhase section */

/* Begin XCBuildConfiguration section */
		C01FCF4B08A954540054247B /* Debug */ = {
			isa = XCBuildConfiguration;
			buildSettings = {
				CINDER_PATH = ../../../../..;
				COMBINE_HIDPI_IMAGES = YES;
				COPY_PHASE_STRIP = NO;
				DEAD_CODE_STRIPPING = YES;
				GCC_DYNAMIC_NO_PIC = NO;
				GCC_INLINES_ARE_PRIVATE_EXTERN = YES;
				GCC_OPTIMIZATION_LEVEL = 0;
				GCC_PRECOMPILE_PREFIX_HEADER = YES;
				GCC_PREFIX_HEADER = oculusBaseApp_Prefix.pch;
				GCC_PREPROCESSOR_DEFINITIONS = (
					"DEBUG=1",
					"$(inherited)",
				);
				GCC_SYMBOLS_PRIVATE_EXTERN = NO;
				INFOPLIST_FILE = Info.plist;
				INSTALL_PATH = "$(HOME)/Applications";
				LIBRARY_SEARCH_PATHS = (
					Rift,
					/Users/bill/Tools/cinder_glnext/blocks/OculusRift/LibOVR/Lib/MacOS/Debug,
					/Users/bill/Tools/cinder_glnext/blocks/OculusRift/LibOVR/Lib/MacOS/Release,
				);
				OTHER_LDFLAGS = "\"$(CINDER_PATH)/lib/libcinder_d.a\"";
				PRODUCT_NAME = oculusBaseApp;
				SYMROOT = ./build;
				WRAPPER_EXTENSION = app;
			};
			name = Debug;
		};
		C01FCF4C08A954540054247B /* Release */ = {
			isa = XCBuildConfiguration;
			buildSettings = {
				CINDER_PATH = ../../../../..;
				COMBINE_HIDPI_IMAGES = YES;
				DEAD_CODE_STRIPPING = YES;
				DEBUG_INFORMATION_FORMAT = "dwarf-with-dsym";
				GCC_FAST_MATH = YES;
				GCC_GENERATE_DEBUGGING_SYMBOLS = NO;
				GCC_INLINES_ARE_PRIVATE_EXTERN = YES;
				GCC_OPTIMIZATION_LEVEL = 3;
				GCC_PRECOMPILE_PREFIX_HEADER = YES;
				GCC_PREFIX_HEADER = oculusBaseApp_Prefix.pch;
				GCC_SYMBOLS_PRIVATE_EXTERN = NO;
				INFOPLIST_FILE = Info.plist;
				INSTALL_PATH = "$(HOME)/Applications";
				LIBRARY_SEARCH_PATHS = (
					Rift,
					/Users/bill/Tools/cinder_glnext/blocks/OculusRift/LibOVR/Lib/MacOS/Debug,
					/Users/bill/Tools/cinder_glnext/blocks/OculusRift/LibOVR/Lib/MacOS/Release,
				);
				OTHER_LDFLAGS = "\"$(CINDER_PATH)/lib/libcinder.a\"";
				PRODUCT_NAME = oculusBaseApp;
				STRIP_INSTALLED_PRODUCT = YES;
				SYMROOT = ./build;
				WRAPPER_EXTENSION = app;
			};
			name = Release;
		};
		C01FCF4F08A954540054247B /* Debug */ = {
			isa = XCBuildConfiguration;
			buildSettings = {
				ALWAYS_SEARCH_USER_PATHS = NO;
				ARCHS = "$(ARCHS_STANDARD_32_BIT)";
				CINDER_PATH = ../../../cinder;
				CLANG_CXX_LANGUAGE_STANDARD = "c++0x";
				CLANG_CXX_LIBRARY = "libc++";
				GCC_WARN_ABOUT_RETURN_TYPE = YES;
				GCC_WARN_UNUSED_VARIABLE = YES;
				HEADER_SEARCH_PATHS = (
					"\"$(CINDER_PATH)/boost\"",
					"\"$(CINDER_PATH)/blocks/OculusRift/LibOVR/Include\"",
					"\"$(CINDER_PATH)/blocks/OculusRift/LibOVR/Src\"",
					"\"$(CINDER_PATH)/blocks/OculusRift/LibOVR/Src/Kernel\"",
					"\"$(CINDER_PATH)/blocks/OculusRift/LibOVR/Src/Util\"",
					"\"$(CINDER_PATH)/blocks/OculusRift/src\"",
				);
				MACOSX_DEPLOYMENT_TARGET = 10.7;
				ONLY_ACTIVE_ARCH = YES;
				SDKROOT = macosx;
				USER_HEADER_SEARCH_PATHS = "\"$(CINDER_PATH)/include\" ../include";
			};
			name = Debug;
		};
		C01FCF5008A954540054247B /* Release */ = {
			isa = XCBuildConfiguration;
			buildSettings = {
				ALWAYS_SEARCH_USER_PATHS = NO;
				ARCHS = "$(ARCHS_STANDARD_32_BIT)";
				CINDER_PATH = ../../../cinder;
				CLANG_CXX_LANGUAGE_STANDARD = "c++0x";
				CLANG_CXX_LIBRARY = "libc++";
				GCC_WARN_ABOUT_RETURN_TYPE = YES;
				GCC_WARN_UNUSED_VARIABLE = YES;
				HEADER_SEARCH_PATHS = (
					"\"$(CINDER_PATH)/boost\"",
					"\"$(CINDER_PATH)/blocks/OculusRift/LibOVR/Include\"",
					"\"$(CINDER_PATH)/blocks/OculusRift/LibOVR/Src\"",
					"\"$(CINDER_PATH)/blocks/OculusRift/LibOVR/Src/Kernel\"",
					"\"$(CINDER_PATH)/blocks/OculusRift/LibOVR/Src/Util\"",
					"\"$(CINDER_PATH)/blocks/OculusRift/src\"",
				);
				MACOSX_DEPLOYMENT_TARGET = 10.7;
				ONLY_ACTIVE_ARCH = YES;
				SDKROOT = macosx;
				USER_HEADER_SEARCH_PATHS = "\"$(CINDER_PATH)/include\" ../include";
			};
			name = Release;
		};
/* End XCBuildConfiguration section */

/* Begin XCConfigurationList section */
		C01FCF4A08A954540054247B /* Build configuration list for PBXNativeTarget "oculusBaseApp" */ = {
			isa = XCConfigurationList;
			buildConfigurations = (
				C01FCF4B08A954540054247B /* Debug */,
				C01FCF4C08A954540054247B /* Release */,
			);
			defaultConfigurationIsVisible = 0;
			defaultConfigurationName = Release;
		};
		C01FCF4E08A954540054247B /* Build configuration list for PBXProject "oculusBaseApp" */ = {
			isa = XCConfigurationList;
			buildConfigurations = (
				C01FCF4F08A954540054247B /* Debug */,
				C01FCF5008A954540054247B /* Release */,
			);
			defaultConfigurationIsVisible = 0;
			defaultConfigurationName = Release;
		};
/* End XCConfigurationList section */
	};
	rootObject = 29B97313FDCFA39411CA2CEA /* Project object */;
}
